
Microsoft Visual Studio Solution File, Format Version 12.00
# Visual Studio Version 17
VisualStudioVersion = 17.11.35208.52
MinimumVisualStudioVersion = 10.0.40219.1
Project("{9A19103F-16F7-4668-BE54-9A1E7A4F7556}") = "ProducerConsumerApp", "producerConsumerDemo\ProducerConsumerApp.csproj", "{E0BB1B47-4E4D-4C96-8861-69CB051F011E}"
EndProject
Project("{FAE04EC0-301F-11D3-BF4B-00C04F79EFBC}") = "Dto", "Dto\Dto.csproj", "{9B7321EE-97A0-4991-9E46-884460C2C5C9}"
EndProject
Project("{FAE04EC0-301F-11D3-BF4B-00C04F79EFBC}") = "HttpServer", "HttpServer\HttpServer.csproj", "{5A63F53F-DE0F-4873-A5F4-CF73A7F553A5}"
EndProject
Global
	GlobalSection(SolutionConfigurationPlatforms) = preSolution
		Debug|Any CPU = Debug|Any CPU
		Release|Any CPU = Release|Any CPU
	EndGlobalSection
	GlobalSection(ProjectConfigurationPlatforms) = postSolution
		{E0BB1B47-4E4D-4C96-8861-69CB051F011E}.Debug|Any CPU.ActiveCfg = Debug|Any CPU
		{E0BB1B47-4E4D-4C96-8861-69CB051F011E}.Debug|Any CPU.Build.0 = Debug|Any CPU
		{E0BB1B47-4E4D-4C96-8861-69CB051F011E}.Release|Any CPU.ActiveCfg = Release|Any CPU
		{E0BB1B47-4E4D-4C96-8861-69CB051F011E}.Release|Any CPU.Build.0 = Release|Any CPU
		{9B7321EE-97A0-4991-9E46-884460C2C5C9}.Debug|Any CPU.ActiveCfg = Debug|Any CPU
		{9B7321EE-97A0-4991-9E46-884460C2C5C9}.Debug|Any CPU.Build.0 = Debug|Any CPU
		{9B7321EE-97A0-4991-9E46-884460C2C5C9}.Release|Any CPU.ActiveCfg = Release|Any CPU
		{9B7321EE-97A0-4991-9E46-884460C2C5C9}.Release|Any CPU.Build.0 = Release|Any CPU
		{5A63F53F-DE0F-4873-A5F4-CF73A7F553A5}.Debug|Any CPU.ActiveCfg = Debug|Any CPU
		{5A63F53F-DE0F-4873-A5F4-CF73A7F553A5}.Debug|Any CPU.Build.0 = Debug|Any CPU
		{5A63F53F-DE0F-4873-A5F4-CF73A7F553A5}.Release|Any CPU.ActiveCfg = Release|Any CPU
		{5A63F53F-DE0F-4873-A5F4-CF73A7F553A5}.Release|Any CPU.Build.0 = Release|Any CPU
	EndGlobalSection
	GlobalSection(SolutionProperties) = preSolution
		HideSolutionNode = FALSE
	EndGlobalSection
	GlobalSection(ExtensibilityGlobals) = postSolution
		SolutionGuid = {1E67A569-943D-4917-A2FD-E1F0D67D21C7}
	EndGlobalSection
EndGlobal
